
Microsoft Visual Studio Solution File, Format Version 12.00
# Visual Studio 2013
VisualStudioVersion = 12.0.21005.1
MinimumVisualStudioVersion = 10.0.40219.1
Project("{FAE04EC0-301F-11D3-BF4B-00C04F79EFBC}") = "CSVReader", "CSVReader\CSVReader.csproj", "{1DE7CA24-F819-4367-9569-E8861A3350CF}"
EndProject
Project("{FAE04EC0-301F-11D3-BF4B-00C04F79EFBC}") = "Resultator", "Resultator\Resultator.csproj", "{7C101E9C-ADD0-4E7E-A7F1-2784F20A2C22}"
EndProject
Global
	GlobalSection(SolutionConfigurationPlatforms) = preSolution
		Debug|Any CPU = Debug|Any CPU
		Release|Any CPU = Release|Any CPU
	EndGlobalSection
	GlobalSection(ProjectConfigurationPlatforms) = postSolution
		{1DE7CA24-F819-4367-9569-E8861A3350CF}.Debug|Any CPU.ActiveCfg = Debug|Any CPU
		{1DE7CA24-F819-4367-9569-E8861A3350CF}.Debug|Any CPU.Build.0 = Debug|Any CPU
		{1DE7CA24-F819-4367-9569-E8861A3350CF}.Release|Any CPU.ActiveCfg = Release|Any CPU
		{1DE7CA24-F819-4367-9569-E8861A3350CF}.Release|Any CPU.Build.0 = Release|Any CPU
		{7C101E9C-ADD0-4E7E-A7F1-2784F20A2C22}.Debug|Any CPU.ActiveCfg = Debug|Any CPU
		{7C101E9C-ADD0-4E7E-A7F1-2784F20A2C22}.Debug|Any CPU.Build.0 = Debug|Any CPU
		{7C101E9C-ADD0-4E7E-A7F1-2784F20A2C22}.Release|Any CPU.ActiveCfg = Release|Any CPU
		{7C101E9C-ADD0-4E7E-A7F1-2784F20A2C22}.Release|Any CPU.Build.0 = Release|Any CPU
	EndGlobalSection
	GlobalSection(SolutionProperties) = preSolution
		HideSolutionNode = FALSE
	EndGlobalSection
EndGlobal
